
Microsoft Visual Studio Solution File, Format Version 12.00
# Visual Studio Version 16
VisualStudioVersion = 16.0.29728.190
MinimumVisualStudioVersion = 10.0.40219.1
Project("{FAE04EC0-301F-11D3-BF4B-00C04F79EFBC}") = "ET4_6_Simon.UWP", "ET4_6_Simon\ET4_6_Simon.UWP\ET4_6_Simon.UWP.csproj", "{6D78BB99-BCF8-4C74-9FB7-46CFD72C8235}"
EndProject
Project("{FAE04EC0-301F-11D3-BF4B-00C04F79EFBC}") = "ET4_6_Simon.Android", "ET4_6_Simon\ET4_6_Simon.Android\ET4_6_Simon.Android.csproj", "{9086C168-AEEF-4A7B-8655-A9FB72B3B337}"
EndProject
Project("{FAE04EC0-301F-11D3-BF4B-00C04F79EFBC}") = "ET4_6_Simon.iOS", "ET4_6_Simon\ET4_6_Simon.iOS\ET4_6_Simon.iOS.csproj", "{12FE0891-EFFA-42D4-82DD-57DED2413F8A}"
EndProject
Project("{FAE04EC0-301F-11D3-BF4B-00C04F79EFBC}") = "ET4_6_Simon", "ET4_6_Simon\ET4_6_Simon\ET4_6_Simon.csproj", "{56DB9C25-F7C2-4938-970B-FC88A4F81798}"
EndProject
Global
	GlobalSection(SolutionConfigurationPlatforms) = preSolution
		Debug|Any CPU = Debug|Any CPU
		Debug|ARM = Debug|ARM
		Debug|iPhone = Debug|iPhone
		Debug|iPhoneSimulator = Debug|iPhoneSimulator
		Debug|x64 = Debug|x64
		Debug|x86 = Debug|x86
		Release|Any CPU = Release|Any CPU
		Release|ARM = Release|ARM
		Release|iPhone = Release|iPhone
		Release|iPhoneSimulator = Release|iPhoneSimulator
		Release|x64 = Release|x64
		Release|x86 = Release|x86
	EndGlobalSection
	GlobalSection(ProjectConfigurationPlatforms) = postSolution
		{6D78BB99-BCF8-4C74-9FB7-46CFD72C8235}.Debug|Any CPU.ActiveCfg = Debug|x86
		{6D78BB99-BCF8-4C74-9FB7-46CFD72C8235}.Debug|Any CPU.Build.0 = Debug|x86
		{6D78BB99-BCF8-4C74-9FB7-46CFD72C8235}.Debug|Any CPU.Deploy.0 = Debug|x86
		{6D78BB99-BCF8-4C74-9FB7-46CFD72C8235}.Debug|ARM.ActiveCfg = Debug|ARM
		{6D78BB99-BCF8-4C74-9FB7-46CFD72C8235}.Debug|ARM.Build.0 = Debug|ARM
		{6D78BB99-BCF8-4C74-9FB7-46CFD72C8235}.Debug|ARM.Deploy.0 = Debug|ARM
		{6D78BB99-BCF8-4C74-9FB7-46CFD72C8235}.Debug|iPhone.ActiveCfg = Debug|x86
		{6D78BB99-BCF8-4C74-9FB7-46CFD72C8235}.Debug|iPhone.Build.0 = Debug|x86
		{6D78BB99-BCF8-4C74-9FB7-46CFD72C8235}.Debug|iPhone.Deploy.0 = Debug|x86
		{6D78BB99-BCF8-4C74-9FB7-46CFD72C8235}.Debug|iPhoneSimulator.ActiveCfg = Debug|x86
		{6D78BB99-BCF8-4C74-9FB7-46CFD72C8235}.Debug|iPhoneSimulator.Build.0 = Debug|x86
		{6D78BB99-BCF8-4C74-9FB7-46CFD72C8235}.Debug|iPhoneSimulator.Deploy.0 = Debug|x86
		{6D78BB99-BCF8-4C74-9FB7-46CFD72C8235}.Debug|x64.ActiveCfg = Debug|x64
		{6D78BB99-BCF8-4C74-9FB7-46CFD72C8235}.Debug|x64.Build.0 = Debug|x64
		{6D78BB99-BCF8-4C74-9FB7-46CFD72C8235}.Debug|x64.Deploy.0 = Debug|x64
		{6D78BB99-BCF8-4C74-9FB7-46CFD72C8235}.Debug|x86.ActiveCfg = Debug|x86
		{6D78BB99-BCF8-4C74-9FB7-46CFD72C8235}.Debug|x86.Build.0 = Debug|x86
		{6D78BB99-BCF8-4C74-9FB7-46CFD72C8235}.Debug|x86.Deploy.0 = Debug|x86
		{6D78BB99-BCF8-4C74-9FB7-46CFD72C8235}.Release|Any CPU.ActiveCfg = Release|x86
		{6D78BB99-BCF8-4C74-9FB7-46CFD72C8235}.Release|Any CPU.Build.0 = Release|x86
		{6D78BB99-BCF8-4C74-9FB7-46CFD72C8235}.Release|Any CPU.Deploy.0 = Release|x86
		{6D78BB99-BCF8-4C74-9FB7-46CFD72C8235}.Release|ARM.ActiveCfg = Release|ARM
		{6D78BB99-BCF8-4C74-9FB7-46CFD72C8235}.Release|ARM.Build.0 = Release|ARM
		{6D78BB99-BCF8-4C74-9FB7-46CFD72C8235}.Release|ARM.Deploy.0 = Release|ARM
		{6D78BB99-BCF8-4C74-9FB7-46CFD72C8235}.Release|iPhone.ActiveCfg = Release|x86
		{6D78BB99-BCF8-4C74-9FB7-46CFD72C8235}.Release|iPhone.Build.0 = Release|x86
		{6D78BB99-BCF8-4C74-9FB7-46CFD72C8235}.Release|iPhone.Deploy.0 = Release|x86
		{6D78BB99-BCF8-4C74-9FB7-46CFD72C8235}.Release|iPhoneSimulator.ActiveCfg = Release|x86
		{6D78BB99-BCF8-4C74-9FB7-46CFD72C8235}.Release|iPhoneSimulator.Build.0 = Release|x86
		{6D78BB99-BCF8-4C74-9FB7-46CFD72C8235}.Release|iPhoneSimulator.Deploy.0 = Release|x86
		{6D78BB99-BCF8-4C74-9FB7-46CFD72C8235}.Release|x64.ActiveCfg = Release|x64
		{6D78BB99-BCF8-4C74-9FB7-46CFD72C8235}.Release|x64.Build.0 = Release|x64
		{6D78BB99-BCF8-4C74-9FB7-46CFD72C8235}.Release|x64.Deploy.0 = Release|x64
		{6D78BB99-BCF8-4C74-9FB7-46CFD72C8235}.Release|x86.ActiveCfg = Release|x86
		{6D78BB99-BCF8-4C74-9FB7-46CFD72C8235}.Release|x86.Build.0 = Release|x86
		{6D78BB99-BCF8-4C74-9FB7-46CFD72C8235}.Release|x86.Deploy.0 = Release|x86
		{9086C168-AEEF-4A7B-8655-A9FB72B3B337}.Debug|Any CPU.ActiveCfg = Debug|Any CPU
		{9086C168-AEEF-4A7B-8655-A9FB72B3B337}.Debug|Any CPU.Build.0 = Debug|Any CPU
		{9086C168-AEEF-4A7B-8655-A9FB72B3B337}.Debug|Any CPU.Deploy.0 = Debug|Any CPU
		{9086C168-AEEF-4A7B-8655-A9FB72B3B337}.Debug|ARM.ActiveCfg = Debug|Any CPU
		{9086C168-AEEF-4A7B-8655-A9FB72B3B337}.Debug|ARM.Build.0 = Debug|Any CPU
		{9086C168-AEEF-4A7B-8655-A9FB72B3B337}.Debug|ARM.Deploy.0 = Debug|Any CPU
		{9086C168-AEEF-4A7B-8655-A9FB72B3B337}.Debug|iPhone.ActiveCfg = Debug|Any CPU
		{9086C168-AEEF-4A7B-8655-A9FB72B3B337}.Debug|iPhone.Build.0 = Debug|Any CPU
		{9086C168-AEEF-4A7B-8655-A9FB72B3B337}.Debug|iPhone.Deploy.0 = Debug|Any CPU
		{9086C168-AEEF-4A7B-8655-A9FB72B3B337}.Debug|iPhoneSimulator.ActiveCfg = Debug|Any CPU
		{9086C168-AEEF-4A7B-8655-A9FB72B3B337}.Debug|iPhoneSimulator.Build.0 = Debug|Any CPU
		{9086C168-AEEF-4A7B-8655-A9FB72B3B337}.Debug|iPhoneSimulator.Deploy.0 = Debug|Any CPU
		{9086C168-AEEF-4A7B-8655-A9FB72B3B337}.Debug|x64.ActiveCfg = Debug|Any CPU
		{9086C168-AEEF-4A7B-8655-A9FB72B3B337}.Debug|x64.Build.0 = Debug|Any CPU
		{9086C168-AEEF-4A7B-8655-A9FB72B3B337}.Debug|x64.Deploy.0 = Debug|Any CPU
		{9086C168-AEEF-4A7B-8655-A9FB72B3B337}.Debug|x86.ActiveCfg = Debug|Any CPU
		{9086C168-AEEF-4A7B-8655-A9FB72B3B337}.Debug|x86.Build.0 = Debug|Any CPU
		{9086C168-AEEF-4A7B-8655-A9FB72B3B337}.Debug|x86.Deploy.0 = Debug|Any CPU
		{9086C168-AEEF-4A7B-8655-A9FB72B3B337}.Release|Any CPU.ActiveCfg = Release|Any CPU
		{9086C168-AEEF-4A7B-8655-A9FB72B3B337}.Release|Any CPU.Build.0 = Release|Any CPU
		{9086C168-AEEF-4A7B-8655-A9FB72B3B337}.Release|Any CPU.Deploy.0 = Release|Any CPU
		{9086C168-AEEF-4A7B-8655-A9FB72B3B337}.Release|ARM.ActiveCfg = Release|Any CPU
		{9086C168-AEEF-4A7B-8655-A9FB72B3B337}.Release|ARM.Build.0 = Release|Any CPU
		{9086C168-AEEF-4A7B-8655-A9FB72B3B337}.Release|ARM.Deploy.0 = Release|Any CPU
		{9086C168-AEEF-4A7B-8655-A9FB72B3B337}.Release|iPhone.ActiveCfg = Release|Any CPU
		{9086C168-AEEF-4A7B-8655-A9FB72B3B337}.Release|iPhone.Build.0 = Release|Any CPU
		{9086C168-AEEF-4A7B-8655-A9FB72B3B337}.Release|iPhone.Deploy.0 = Release|Any CPU
		{9086C168-AEEF-4A7B-8655-A9FB72B3B337}.Release|iPhoneSimulator.ActiveCfg = Release|Any CPU
		{9086C168-AEEF-4A7B-8655-A9FB72B3B337}.Release|iPhoneSimulator.Build.0 = Release|Any CPU
		{9086C168-AEEF-4A7B-8655-A9FB72B3B337}.Release|iPhoneSimulator.Deploy.0 = Release|Any CPU
		{9086C168-AEEF-4A7B-8655-A9FB72B3B337}.Release|x64.ActiveCfg = Release|Any CPU
		{9086C168-AEEF-4A7B-8655-A9FB72B3B337}.Release|x64.Build.0 = Release|Any CPU
		{9086C168-AEEF-4A7B-8655-A9FB72B3B337}.Release|x64.Deploy.0 = Release|Any CPU
		{9086C168-AEEF-4A7B-8655-A9FB72B3B337}.Release|x86.ActiveCfg = Release|Any CPU
		{9086C168-AEEF-4A7B-8655-A9FB72B3B337}.Release|x86.Build.0 = Release|Any CPU
		{9086C168-AEEF-4A7B-8655-A9FB72B3B337}.Release|x86.Deploy.0 = Release|Any CPU
		{12FE0891-EFFA-42D4-82DD-57DED2413F8A}.Debug|Any CPU.ActiveCfg = Debug|iPhone
		{12FE0891-EFFA-42D4-82DD-57DED2413F8A}.Debug|Any CPU.Build.0 = Debug|iPhone
		{12FE0891-EFFA-42D4-82DD-57DED2413F8A}.Debug|Any CPU.Deploy.0 = Debug|iPhone
		{12FE0891-EFFA-42D4-82DD-57DED2413F8A}.Debug|ARM.ActiveCfg = Debug|iPhoneSimulator
		{12FE0891-EFFA-42D4-82DD-57DED2413F8A}.Debug|ARM.Build.0 = Debug|iPhoneSimulator
		{12FE0891-EFFA-42D4-82DD-57DED2413F8A}.Debug|ARM.Deploy.0 = Debug|iPhoneSimulator
		{12FE0891-EFFA-42D4-82DD-57DED2413F8A}.Debug|iPhone.ActiveCfg = Debug|iPhone
		{12FE0891-EFFA-42D4-82DD-57DED2413F8A}.Debug|iPhone.Build.0 = Debug|iPhone
		{12FE0891-EFFA-42D4-82DD-57DED2413F8A}.Debug|iPhone.Deploy.0 = Debug|iPhone
		{12FE0891-EFFA-42D4-82DD-57DED2413F8A}.Debug|iPhoneSimulator.ActiveCfg = Debug|iPhoneSimulator
		{12FE0891-EFFA-42D4-82DD-57DED2413F8A}.Debug|iPhoneSimulator.Build.0 = Debug|iPhoneSimulator
		{12FE0891-EFFA-42D4-82DD-57DED2413F8A}.Debug|iPhoneSimulator.Deploy.0 = Debug|iPhoneSimulator
		{12FE0891-EFFA-42D4-82DD-57DED2413F8A}.Debug|x64.ActiveCfg = Debug|iPhone
		{12FE0891-EFFA-42D4-82DD-57DED2413F8A}.Debug|x64.Build.0 = Debug|iPhone
		{12FE0891-EFFA-42D4-82DD-57DED2413F8A}.Debug|x64.Deploy.0 = Debug|iPhone
		{12FE0891-EFFA-42D4-82DD-57DED2413F8A}.Debug|x86.ActiveCfg = Debug|iPhone
		{12FE0891-EFFA-42D4-82DD-57DED2413F8A}.Debug|x86.Build.0 = Debug|iPhone
		{12FE0891-EFFA-42D4-82DD-57DED2413F8A}.Debug|x86.Deploy.0 = Debug|iPhone
		{12FE0891-EFFA-42D4-82DD-57DED2413F8A}.Release|Any CPU.ActiveCfg = Release|iPhone
		{12FE0891-EFFA-42D4-82DD-57DED2413F8A}.Release|Any CPU.Build.0 = Release|iPhone
		{12FE0891-EFFA-42D4-82DD-57DED2413F8A}.Release|Any CPU.Deploy.0 = Release|iPhone
		{12FE0891-EFFA-42D4-82DD-57DED2413F8A}.Release|ARM.ActiveCfg = Release|iPhone
		{12FE0891-EFFA-42D4-82DD-57DED2413F8A}.Release|ARM.Build.0 = Release|iPhone
		{12FE0891-EFFA-42D4-82DD-57DED2413F8A}.Release|ARM.Deploy.0 = Release|iPhone
		{12FE0891-EFFA-42D4-82DD-57DED2413F8A}.Release|iPhone.ActiveCfg = Release|iPhone
		{12FE0891-EFFA-42D4-82DD-57DED2413F8A}.Release|iPhone.Build.0 = Release|iPhone
		{12FE0891-EFFA-42D4-82DD-57DED2413F8A}.Release|iPhone.Deploy.0 = Release|iPhone
		{12FE0891-EFFA-42D4-82DD-57DED2413F8A}.Release|iPhoneSimulator.ActiveCfg = Release|iPhoneSimulator
		{12FE0891-EFFA-42D4-82DD-57DED2413F8A}.Release|iPhoneSimulator.Build.0 = Release|iPhoneSimulator
		{12FE0891-EFFA-42D4-82DD-57DED2413F8A}.Release|iPhoneSimulator.Deploy.0 = Release|iPhoneSimulator
		{12FE0891-EFFA-42D4-82DD-57DED2413F8A}.Release|x64.ActiveCfg = Release|iPhone
		{12FE0891-EFFA-42D4-82DD-57DED2413F8A}.Release|x64.Build.0 = Release|iPhone
		{12FE0891-EFFA-42D4-82DD-57DED2413F8A}.Release|x64.Deploy.0 = Release|iPhone
		{12FE0891-EFFA-42D4-82DD-57DED2413F8A}.Release|x86.ActiveCfg = Release|iPhone
		{12FE0891-EFFA-42D4-82DD-57DED2413F8A}.Release|x86.Build.0 = Release|iPhone
		{12FE0891-EFFA-42D4-82DD-57DED2413F8A}.Release|x86.Deploy.0 = Release|iPhone
		{56DB9C25-F7C2-4938-970B-FC88A4F81798}.Debug|Any CPU.ActiveCfg = Debug|Any CPU
		{56DB9C25-F7C2-4938-970B-FC88A4F81798}.Debug|Any CPU.Build.0 = Debug|Any CPU
		{56DB9C25-F7C2-4938-970B-FC88A4F81798}.Debug|Any CPU.Deploy.0 = Debug|Any CPU
		{56DB9C25-F7C2-4938-970B-FC88A4F81798}.Debug|ARM.ActiveCfg = Debug|Any CPU
		{56DB9C25-F7C2-4938-970B-FC88A4F81798}.Debug|ARM.Build.0 = Debug|Any CPU
		{56DB9C25-F7C2-4938-970B-FC88A4F81798}.Debug|ARM.Deploy.0 = Debug|Any CPU
		{56DB9C25-F7C2-4938-970B-FC88A4F81798}.Debug|iPhone.ActiveCfg = Debug|Any CPU
		{56DB9C25-F7C2-4938-970B-FC88A4F81798}.Debug|iPhone.Build.0 = Debug|Any CPU
		{56DB9C25-F7C2-4938-970B-FC88A4F81798}.Debug|iPhone.Deploy.0 = Debug|Any CPU
		{56DB9C25-F7C2-4938-970B-FC88A4F81798}.Debug|iPhoneSimulator.ActiveCfg = Debug|Any CPU
		{56DB9C25-F7C2-4938-970B-FC88A4F81798}.Debug|iPhoneSimulator.Build.0 = Debug|Any CPU
		{56DB9C25-F7C2-4938-970B-FC88A4F81798}.Debug|iPhoneSimulator.Deploy.0 = Debug|Any CPU
		{56DB9C25-F7C2-4938-970B-FC88A4F81798}.Debug|x64.ActiveCfg = Debug|Any CPU
		{56DB9C25-F7C2-4938-970B-FC88A4F81798}.Debug|x64.Build.0 = Debug|Any CPU
		{56DB9C25-F7C2-4938-970B-FC88A4F81798}.Debug|x64.Deploy.0 = Debug|Any CPU
		{56DB9C25-F7C2-4938-970B-FC88A4F81798}.Debug|x86.ActiveCfg = Debug|Any CPU
		{56DB9C25-F7C2-4938-970B-FC88A4F81798}.Debug|x86.Build.0 = Debug|Any CPU
		{56DB9C25-F7C2-4938-970B-FC88A4F81798}.Debug|x86.Deploy.0 = Debug|Any CPU
		{56DB9C25-F7C2-4938-970B-FC88A4F81798}.Release|Any CPU.ActiveCfg = Release|Any CPU
		{56DB9C25-F7C2-4938-970B-FC88A4F81798}.Release|Any CPU.Build.0 = Release|Any CPU
		{56DB9C25-F7C2-4938-970B-FC88A4F81798}.Release|Any CPU.Deploy.0 = Release|Any CPU
		{56DB9C25-F7C2-4938-970B-FC88A4F81798}.Release|ARM.ActiveCfg = Release|Any CPU
		{56DB9C25-F7C2-4938-970B-FC88A4F81798}.Release|ARM.Build.0 = Release|Any CPU
		{56DB9C25-F7C2-4938-970B-FC88A4F81798}.Release|ARM.Deploy.0 = Release|Any CPU
		{56DB9C25-F7C2-4938-970B-FC88A4F81798}.Release|iPhone.ActiveCfg = Release|Any CPU
		{56DB9C25-F7C2-4938-970B-FC88A4F81798}.Release|iPhone.Build.0 = Release|Any CPU
		{56DB9C25-F7C2-4938-970B-FC88A4F81798}.Release|iPhone.Deploy.0 = Release|Any CPU
		{56DB9C25-F7C2-4938-970B-FC88A4F81798}.Release|iPhoneSimulator.ActiveCfg = Release|Any CPU
		{56DB9C25-F7C2-4938-970B-FC88A4F81798}.Release|iPhoneSimulator.Build.0 = Release|Any CPU
		{56DB9C25-F7C2-4938-970B-FC88A4F81798}.Release|iPhoneSimulator.Deploy.0 = Release|Any CPU
		{56DB9C25-F7C2-4938-970B-FC88A4F81798}.Release|x64.ActiveCfg = Release|Any CPU
		{56DB9C25-F7C2-4938-970B-FC88A4F81798}.Release|x64.Build.0 = Release|Any CPU
		{56DB9C25-F7C2-4938-970B-FC88A4F81798}.Release|x64.Deploy.0 = Release|Any CPU
		{56DB9C25-F7C2-4938-970B-FC88A4F81798}.Release|x86.ActiveCfg = Release|Any CPU
		{56DB9C25-F7C2-4938-970B-FC88A4F81798}.Release|x86.Build.0 = Release|Any CPU
		{56DB9C25-F7C2-4938-970B-FC88A4F81798}.Release|x86.Deploy.0 = Release|Any CPU
	EndGlobalSection
	GlobalSection(SolutionProperties) = preSolution
		HideSolutionNode = FALSE
	EndGlobalSection
	GlobalSection(ExtensibilityGlobals) = postSolution
		SolutionGuid = {8B6AE998-5FED-49CE-BBCB-573F3C463B6B}
	EndGlobalSection
EndGlobal
